
Microsoft Visual Studio Solution File, Format Version 12.00
# Visual Studio 14
VisualStudioVersion = 14.0.22609.0
MinimumVisualStudioVersion = 10.0.40219.1
Project("{FAE04EC0-301F-11D3-BF4B-00C04F79EFBC}") = "Timesheets.Data", "Timesheets.Data\Timesheets.Data.csproj", "{CBEE6CA7-CF06-41FE-9057-4E4881407A6E}"
EndProject
Project("{FAE04EC0-301F-11D3-BF4B-00C04F79EFBC}") = "Timesheets.Tests", "Timesheets.Tests\Timesheets.Tests.csproj", "{250F4E90-45F1-4E6F-8CA9-F5B4B5ED9E99}"
EndProject
Project("{FAE04EC0-301F-11D3-BF4B-00C04F79EFBC}") = "Timesheets.Web", "Timesheets.Web\Timesheets.Web.csproj", "{4C03BC9F-F3A6-4062-A107-A1E737A62727}"
EndProject
Global
	GlobalSection(SolutionConfigurationPlatforms) = preSolution
		Debug|Any CPU = Debug|Any CPU
		Debug|x64 = Debug|x64
		Debug|x86 = Debug|x86
		Release|Any CPU = Release|Any CPU
		Release|x64 = Release|x64
		Release|x86 = Release|x86
	EndGlobalSection
	GlobalSection(ProjectConfigurationPlatforms) = postSolution
		{CBEE6CA7-CF06-41FE-9057-4E4881407A6E}.Debug|Any CPU.ActiveCfg = Debug|Any CPU
		{CBEE6CA7-CF06-41FE-9057-4E4881407A6E}.Debug|Any CPU.Build.0 = Debug|Any CPU
		{CBEE6CA7-CF06-41FE-9057-4E4881407A6E}.Debug|x64.ActiveCfg = Debug|x64
		{CBEE6CA7-CF06-41FE-9057-4E4881407A6E}.Debug|x64.Build.0 = Debug|x64
		{CBEE6CA7-CF06-41FE-9057-4E4881407A6E}.Debug|x86.ActiveCfg = Debug|x86
		{CBEE6CA7-CF06-41FE-9057-4E4881407A6E}.Debug|x86.Build.0 = Debug|x86
		{CBEE6CA7-CF06-41FE-9057-4E4881407A6E}.Release|Any CPU.ActiveCfg = Release|Any CPU
		{CBEE6CA7-CF06-41FE-9057-4E4881407A6E}.Release|Any CPU.Build.0 = Release|Any CPU
		{CBEE6CA7-CF06-41FE-9057-4E4881407A6E}.Release|x64.ActiveCfg = Release|x64
		{CBEE6CA7-CF06-41FE-9057-4E4881407A6E}.Release|x64.Build.0 = Release|x64
		{CBEE6CA7-CF06-41FE-9057-4E4881407A6E}.Release|x86.ActiveCfg = Release|x86
		{CBEE6CA7-CF06-41FE-9057-4E4881407A6E}.Release|x86.Build.0 = Release|x86
		{250F4E90-45F1-4E6F-8CA9-F5B4B5ED9E99}.Debug|Any CPU.ActiveCfg = Debug|Any CPU
		{250F4E90-45F1-4E6F-8CA9-F5B4B5ED9E99}.Debug|Any CPU.Build.0 = Debug|Any CPU
		{250F4E90-45F1-4E6F-8CA9-F5B4B5ED9E99}.Debug|x64.ActiveCfg = Debug|x64
		{250F4E90-45F1-4E6F-8CA9-F5B4B5ED9E99}.Debug|x64.Build.0 = Debug|x64
		{250F4E90-45F1-4E6F-8CA9-F5B4B5ED9E99}.Debug|x86.ActiveCfg = Debug|x86
		{250F4E90-45F1-4E6F-8CA9-F5B4B5ED9E99}.Debug|x86.Build.0 = Debug|x86
		{250F4E90-45F1-4E6F-8CA9-F5B4B5ED9E99}.Release|Any CPU.ActiveCfg = Release|Any CPU
		{250F4E90-45F1-4E6F-8CA9-F5B4B5ED9E99}.Release|Any CPU.Build.0 = Release|Any CPU
		{250F4E90-45F1-4E6F-8CA9-F5B4B5ED9E99}.Release|x64.ActiveCfg = Release|x64
		{250F4E90-45F1-4E6F-8CA9-F5B4B5ED9E99}.Release|x64.Build.0 = Release|x64
		{250F4E90-45F1-4E6F-8CA9-F5B4B5ED9E99}.Release|x86.ActiveCfg = Release|x86
		{250F4E90-45F1-4E6F-8CA9-F5B4B5ED9E99}.Release|x86.Build.0 = Release|x86
		{4C03BC9F-F3A6-4062-A107-A1E737A62727}.Debug|Any CPU.ActiveCfg = Debug|Any CPU
		{4C03BC9F-F3A6-4062-A107-A1E737A62727}.Debug|Any CPU.Build.0 = Debug|Any CPU
		{4C03BC9F-F3A6-4062-A107-A1E737A62727}.Debug|x64.ActiveCfg = Debug|Any CPU
		{4C03BC9F-F3A6-4062-A107-A1E737A62727}.Debug|x64.Build.0 = Debug|Any CPU
		{4C03BC9F-F3A6-4062-A107-A1E737A62727}.Debug|x86.ActiveCfg = Debug|Any CPU
		{4C03BC9F-F3A6-4062-A107-A1E737A62727}.Debug|x86.Build.0 = Debug|Any CPU
		{4C03BC9F-F3A6-4062-A107-A1E737A62727}.Release|Any CPU.ActiveCfg = Release|Any CPU
		{4C03BC9F-F3A6-4062-A107-A1E737A62727}.Release|Any CPU.Build.0 = Release|Any CPU
		{4C03BC9F-F3A6-4062-A107-A1E737A62727}.Release|x64.ActiveCfg = Release|Any CPU
		{4C03BC9F-F3A6-4062-A107-A1E737A62727}.Release|x64.Build.0 = Release|Any CPU
		{4C03BC9F-F3A6-4062-A107-A1E737A62727}.Release|x86.ActiveCfg = Release|Any CPU
		{4C03BC9F-F3A6-4062-A107-A1E737A62727}.Release|x86.Build.0 = Release|Any CPU
	EndGlobalSection
	GlobalSection(SolutionProperties) = preSolution
		HideSolutionNode = FALSE
	EndGlobalSection
EndGlobal
